
Microsoft Visual Studio Solution File, Format Version 12.00
# Visual Studio 15
VisualStudioVersion = 15.0.26430.12
MinimumVisualStudioVersion = 10.0.40219.1
Project("{FAE04EC0-301F-11D3-BF4B-00C04F79EFBC}") = "DotNetFuncTools", "DotNetFuncTools\DotNetFuncTools.csproj", "{0612EF7A-BE33-4355-AAC1-F59358E18B00}"
EndProject
Project("{FAE04EC0-301F-11D3-BF4B-00C04F79EFBC}") = "Test", "Test\Test.csproj", "{18BE66C2-49DF-46AE-9D4B-DC62C0783C38}"
EndProject
Global
	GlobalSection(SolutionConfigurationPlatforms) = preSolution
		Debug|Any CPU = Debug|Any CPU
		Release|Any CPU = Release|Any CPU
	EndGlobalSection
	GlobalSection(ProjectConfigurationPlatforms) = postSolution
		{0612EF7A-BE33-4355-AAC1-F59358E18B00}.Debug|Any CPU.ActiveCfg = Debug|Any CPU
		{0612EF7A-BE33-4355-AAC1-F59358E18B00}.Debug|Any CPU.Build.0 = Debug|Any CPU
		{0612EF7A-BE33-4355-AAC1-F59358E18B00}.Release|Any CPU.ActiveCfg = Release|Any CPU
		{0612EF7A-BE33-4355-AAC1-F59358E18B00}.Release|Any CPU.Build.0 = Release|Any CPU
		{18BE66C2-49DF-46AE-9D4B-DC62C0783C38}.Debug|Any CPU.ActiveCfg = Debug|Any CPU
		{18BE66C2-49DF-46AE-9D4B-DC62C0783C38}.Debug|Any CPU.Build.0 = Debug|Any CPU
		{18BE66C2-49DF-46AE-9D4B-DC62C0783C38}.Release|Any CPU.ActiveCfg = Release|Any CPU
		{18BE66C2-49DF-46AE-9D4B-DC62C0783C38}.Release|Any CPU.Build.0 = Release|Any CPU
	EndGlobalSection
	GlobalSection(SolutionProperties) = preSolution
		HideSolutionNode = FALSE
	EndGlobalSection
EndGlobal
